
Microsoft Visual Studio Solution File, Format Version 12.00
# Visual Studio Version 17
VisualStudioVersion = 17.8.34330.188
MinimumVisualStudioVersion = 10.0.40219.1
Project("{9A19103F-16F7-4668-BE54-9A1E7A4F7556}") = "Domain", "Domain\Domain.csproj", "{D86B5BD8-137A-4475-BDC9-A88263A2C99F}"
EndProject
Project("{9A19103F-16F7-4668-BE54-9A1E7A4F7556}") = "CrossCutting", "CrossCutting\CrossCutting.csproj", "{D445AE10-8D22-4241-AB4D-E533C685D739}"
EndProject
Project("{9A19103F-16F7-4668-BE54-9A1E7A4F7556}") = "API", "API\API.csproj", "{25A5E06B-6812-4C9B-8D66-E5094F0838FD}"
EndProject
Project("{2150E333-8FDC-42A3-9474-1A3956D46DE8}") = "Tools", "Tools", "{17F824AA-4A79-4798-96AF-E4BB18764F50}"
	ProjectSection(SolutionItems) = preProject
		Tools.txt = Tools.txt
	EndProjectSection
EndProject
Project("{2150E333-8FDC-42A3-9474-1A3956D46DE8}") = "Front", "Front", "{58F5EFE5-8DE9-4B1E-9680-27B536AFFA35}"
EndProject
Project("{2150E333-8FDC-42A3-9474-1A3956D46DE8}") = "Testes", "Testes", "{7ED42E09-6432-4467-B7FB-A9D83E1FB2EA}"
EndProject
Project("{2150E333-8FDC-42A3-9474-1A3956D46DE8}") = "Application", "Application", "{237A32A0-7F72-4746-9163-4B9C27824293}"
EndProject
Project("{2150E333-8FDC-42A3-9474-1A3956D46DE8}") = "API", "API", "{71E81DA5-E037-4386-9A71-F4B52FF45E53}"
EndProject
Project("{2150E333-8FDC-42A3-9474-1A3956D46DE8}") = "Infra", "Infra", "{3C3B6840-35B4-4A75-A0DF-6B3E2D6287A0}"
EndProject
Project("{2150E333-8FDC-42A3-9474-1A3956D46DE8}") = "MongoDB", "MongoDB", "{EBB27A4B-45E5-4D81-98BA-C0B671D4B452}"
EndProject
Project("{2150E333-8FDC-42A3-9474-1A3956D46DE8}") = "Redis", "Redis", "{AB036204-86ED-4655-8E30-D22C19337111}"
EndProject
Project("{E53339B2-1760-4266-BCC7-CA923CBCF16C}") = "docker-compose", "docker-compose.dcproj", "{CB627C9D-E74D-469E-88C8-882604A72787}"
EndProject
Project("{2150E333-8FDC-42A3-9474-1A3956D46DE8}") = "Base", "Base", "{ACDE4435-597F-4157-A5E7-53AC737FA522}"
EndProject
Project("{2150E333-8FDC-42A3-9474-1A3956D46DE8}") = "SQL", "SQL", "{45FEF018-0E3C-47CC-A570-810F548B172C}"
EndProject
Project("{2150E333-8FDC-42A3-9474-1A3956D46DE8}") = "DynamoDB", "DynamoDB", "{A9075ADD-2A67-4AA6-B066-368BDDC8851D}"
EndProject
Project("{2150E333-8FDC-42A3-9474-1A3956D46DE8}") = "CosmosDB", "CosmosDB", "{A29F5C15-1D21-4557-ADCA-5B54E1460F41}"
EndProject
Project("{2150E333-8FDC-42A3-9474-1A3956D46DE8}") = "RabbitMQ", "RabbitMQ", "{7512FF6F-54B4-40F7-AFE4-4C8ABD3549BB}"
EndProject
Project("{9A19103F-16F7-4668-BE54-9A1E7A4F7556}") = "TesteEFMySQL", "TesteEF\TesteEFMySQL\TesteEFMySQL.csproj", "{15D4003F-4248-42AA-99A9-B988DC86A0FD}"
EndProject
Project("{9A19103F-16F7-4668-BE54-9A1E7A4F7556}") = "TesteEFOracle", "TesteEF\TesteEFOracle\TesteEFOracle.csproj", "{98ACD708-73BF-4487-8578-180CD982F455}"
EndProject
Project("{9A19103F-16F7-4668-BE54-9A1E7A4F7556}") = "API.Tests", "..\tests\API.Tests\API.Tests.csproj", "{2F4B3DDC-A4EB-4EA3-9BFE-4FF899F183BF}"
EndProject
Project("{9A19103F-16F7-4668-BE54-9A1E7A4F7556}") = "Application.Tests", "..\tests\Application.Tests\Application.Tests.csproj", "{F73CD394-6521-4F9D-96BF-31DCCC62FEE2}"
EndProject
Project("{9A19103F-16F7-4668-BE54-9A1E7A4F7556}") = "Domain.Tests", "..\tests\Domain.Tests\Domain.Tests.csproj", "{D7EF2940-BE96-4A7D-9462-7ED3BEBC8081}"
EndProject
Project("{9A19103F-16F7-4668-BE54-9A1E7A4F7556}") = "Infrastructure.Tests", "..\tests\Infrastructure.Tests\Infrastructure.Tests.csproj", "{1EDB30A6-2850-48CC-8DCC-0705607D9A2A}"
EndProject
Project("{2150E333-8FDC-42A3-9474-1A3956D46DE8}") = "Cassandra", "Cassandra", "{2D73487B-66A6-4D63-8B8C-C173A321E207}"
EndProject
Project("{9A19103F-16F7-4668-BE54-9A1E7A4F7556}") = "NetCore.Base", "..\..\net-core\base\src\NetCore.Base\NetCore.Base.csproj", "{A2222356-70A8-4699-ABEA-03F96E08A53A}"
EndProject
Project("{9A19103F-16F7-4668-BE54-9A1E7A4F7556}") = "Application.CQRS.Base", "Application\Application.CQRS.Base\Application.CQRS.Base.csproj", "{18C298E1-E3C2-43CA-BCB2-5722C5AE8485}"
EndProject
Project("{9A19103F-16F7-4668-BE54-9A1E7A4F7556}") = "Application.CQRS.Command", "Application\Application.CQRS.Command\Application.CQRS.Command.csproj", "{3549585A-2700-4B5A-B677-55E73BC63C79}"
EndProject
Project("{9A19103F-16F7-4668-BE54-9A1E7A4F7556}") = "Application.CQRS.Query.NoSQL", "Application\Application.CQRS.Query.NoSQL\Application.CQRS.Query.NoSQL.csproj", "{D4BC53DA-BBDC-4113-BFB0-A9E45AB0DEDD}"
EndProject
Project("{9A19103F-16F7-4668-BE54-9A1E7A4F7556}") = "Application.CQRS.Query.SQL", "Application\Application.CQRS.Query.SQL\Application.CQRS.Query.SQL.csproj", "{8910567E-2E2C-441F-885A-7320F3FA42C2}"
EndProject
Project("{9A19103F-16F7-4668-BE54-9A1E7A4F7556}") = "Application.DTO", "Application\Application.DTO\Application.DTO.csproj", "{B0FBA839-F78D-4016-A16D-87855CC14BF1}"
EndProject
Project("{9A19103F-16F7-4668-BE54-9A1E7A4F7556}") = "Domain.Console", "Domain.Console\Domain.Console.csproj", "{8535F802-1F5F-4B96-9256-7D0C74A766FB}"
EndProject
Project("{9A19103F-16F7-4668-BE54-9A1E7A4F7556}") = "Domain.SF", "Domain.SF\Domain.SF.csproj", "{76F90EC6-54DA-4E73-A626-B6AEE4C6DAA7}"
EndProject
Project("{9A19103F-16F7-4668-BE54-9A1E7A4F7556}") = "TesteEFPGSql", "TesteEF\TesteEFPGSql\TesteEFPGSql.csproj", "{C2797C7C-1746-43D6-9063-5FA94901247E}"
EndProject
Project("{9A19103F-16F7-4668-BE54-9A1E7A4F7556}") = "TesteEFSQLite", "TesteEF\TesteEFSQLite\TesteEFSQLite.csproj", "{37B1267F-DE87-46DB-AFCE-8BDA575D11F4}"
EndProject
Project("{9A19103F-16F7-4668-BE54-9A1E7A4F7556}") = "Infrastructure.Base", "Infrastructure\Infrastructure.Base\Infrastructure.Base.csproj", "{15DB63CF-820A-4782-8790-1C6242CCDCE2}"
EndProject
Project("{9A19103F-16F7-4668-BE54-9A1E7A4F7556}") = "Infrastructure.Cassandra", "Infrastructure\Infrastructure.Cassandra\Infrastructure.Cassandra.csproj", "{3A5BD75B-1A46-443F-BEE4-9252BCA53553}"
EndProject
Project("{9A19103F-16F7-4668-BE54-9A1E7A4F7556}") = "Infrastructure.DynamoDB", "Infrastructure\Infrastructure.DynamoDB\Infrastructure.DynamoDB.csproj", "{A3CC507A-09D0-4CFD-90A2-96E4CB9B6AB2}"
EndProject
Project("{9A19103F-16F7-4668-BE54-9A1E7A4F7556}") = "Infrastructure.MongoDB.Console", "Infrastructure\Infrastructure.MongoDB.Console\Infrastructure.MongoDB.Console.csproj", "{66D53AC3-6040-44D3-B741-F5F5C62DA7FD}"
EndProject
Project("{9A19103F-16F7-4668-BE54-9A1E7A4F7556}") = "Infrastructure.MongoDB", "Infrastructure\Infrastructure.MongoDB\Infrastructure.MongoDB.csproj", "{8D3D3CB7-BA84-496C-81D1-48079C77D987}"
EndProject
Project("{9A19103F-16F7-4668-BE54-9A1E7A4F7556}") = "Infrastructure.Redis", "Infrastructure\Infrastructure.Redis\Infrastructure.Redis.csproj", "{9ED42E11-A352-4EE2-BE79-C33DCFAA3FBC}"
EndProject
Project("{9A19103F-16F7-4668-BE54-9A1E7A4F7556}") = "Infrastructure.SQLServer", "Infrastructure\Infrastructure.SQLServer\Infrastructure.SQLServer.csproj", "{1E8E4702-EA38-4249-B32D-19370DF61A5E}"
EndProject
Project("{2150E333-8FDC-42A3-9474-1A3956D46DE8}") = "CQRS", "CQRS", "{54186C63-C45A-49FC-A77C-46326B1C0B96}"
EndProject
Project("{FAE04EC0-301F-11D3-BF4B-00C04F79EFBC}") = "Application.ViewModel", "..\Application.ViewModel\Application.ViewModel.csproj", "{507100DF-E924-4B8B-BC24-654BD7967315}"
EndProject
Global
	GlobalSection(SolutionConfigurationPlatforms) = preSolution
		Debug|Any CPU = Debug|Any CPU
		Release|Any CPU = Release|Any CPU
	EndGlobalSection
	GlobalSection(ProjectConfigurationPlatforms) = postSolution
		{D86B5BD8-137A-4475-BDC9-A88263A2C99F}.Debug|Any CPU.ActiveCfg = Debug|Any CPU
		{D86B5BD8-137A-4475-BDC9-A88263A2C99F}.Debug|Any CPU.Build.0 = Debug|Any CPU
		{D86B5BD8-137A-4475-BDC9-A88263A2C99F}.Release|Any CPU.ActiveCfg = Release|Any CPU
		{D86B5BD8-137A-4475-BDC9-A88263A2C99F}.Release|Any CPU.Build.0 = Release|Any CPU
		{D445AE10-8D22-4241-AB4D-E533C685D739}.Debug|Any CPU.ActiveCfg = Debug|Any CPU
		{D445AE10-8D22-4241-AB4D-E533C685D739}.Debug|Any CPU.Build.0 = Debug|Any CPU
		{D445AE10-8D22-4241-AB4D-E533C685D739}.Release|Any CPU.ActiveCfg = Release|Any CPU
		{D445AE10-8D22-4241-AB4D-E533C685D739}.Release|Any CPU.Build.0 = Release|Any CPU
		{25A5E06B-6812-4C9B-8D66-E5094F0838FD}.Debug|Any CPU.ActiveCfg = Debug|Any CPU
		{25A5E06B-6812-4C9B-8D66-E5094F0838FD}.Debug|Any CPU.Build.0 = Debug|Any CPU
		{25A5E06B-6812-4C9B-8D66-E5094F0838FD}.Release|Any CPU.ActiveCfg = Release|Any CPU
		{25A5E06B-6812-4C9B-8D66-E5094F0838FD}.Release|Any CPU.Build.0 = Release|Any CPU
		{CB627C9D-E74D-469E-88C8-882604A72787}.Debug|Any CPU.ActiveCfg = Debug|Any CPU
		{CB627C9D-E74D-469E-88C8-882604A72787}.Debug|Any CPU.Build.0 = Debug|Any CPU
		{CB627C9D-E74D-469E-88C8-882604A72787}.Release|Any CPU.ActiveCfg = Release|Any CPU
		{CB627C9D-E74D-469E-88C8-882604A72787}.Release|Any CPU.Build.0 = Release|Any CPU
		{15D4003F-4248-42AA-99A9-B988DC86A0FD}.Debug|Any CPU.ActiveCfg = Debug|Any CPU
		{15D4003F-4248-42AA-99A9-B988DC86A0FD}.Debug|Any CPU.Build.0 = Debug|Any CPU
		{15D4003F-4248-42AA-99A9-B988DC86A0FD}.Release|Any CPU.ActiveCfg = Release|Any CPU
		{15D4003F-4248-42AA-99A9-B988DC86A0FD}.Release|Any CPU.Build.0 = Release|Any CPU
		{98ACD708-73BF-4487-8578-180CD982F455}.Debug|Any CPU.ActiveCfg = Debug|Any CPU
		{98ACD708-73BF-4487-8578-180CD982F455}.Debug|Any CPU.Build.0 = Debug|Any CPU
		{98ACD708-73BF-4487-8578-180CD982F455}.Release|Any CPU.ActiveCfg = Release|Any CPU
		{98ACD708-73BF-4487-8578-180CD982F455}.Release|Any CPU.Build.0 = Release|Any CPU
		{2F4B3DDC-A4EB-4EA3-9BFE-4FF899F183BF}.Debug|Any CPU.ActiveCfg = Debug|Any CPU
		{2F4B3DDC-A4EB-4EA3-9BFE-4FF899F183BF}.Debug|Any CPU.Build.0 = Debug|Any CPU
		{2F4B3DDC-A4EB-4EA3-9BFE-4FF899F183BF}.Release|Any CPU.ActiveCfg = Release|Any CPU
		{2F4B3DDC-A4EB-4EA3-9BFE-4FF899F183BF}.Release|Any CPU.Build.0 = Release|Any CPU
		{F73CD394-6521-4F9D-96BF-31DCCC62FEE2}.Debug|Any CPU.ActiveCfg = Debug|Any CPU
		{F73CD394-6521-4F9D-96BF-31DCCC62FEE2}.Debug|Any CPU.Build.0 = Debug|Any CPU
		{F73CD394-6521-4F9D-96BF-31DCCC62FEE2}.Release|Any CPU.ActiveCfg = Release|Any CPU
		{F73CD394-6521-4F9D-96BF-31DCCC62FEE2}.Release|Any CPU.Build.0 = Release|Any CPU
		{D7EF2940-BE96-4A7D-9462-7ED3BEBC8081}.Debug|Any CPU.ActiveCfg = Debug|Any CPU
		{D7EF2940-BE96-4A7D-9462-7ED3BEBC8081}.Debug|Any CPU.Build.0 = Debug|Any CPU
		{D7EF2940-BE96-4A7D-9462-7ED3BEBC8081}.Release|Any CPU.ActiveCfg = Release|Any CPU
		{D7EF2940-BE96-4A7D-9462-7ED3BEBC8081}.Release|Any CPU.Build.0 = Release|Any CPU
		{1EDB30A6-2850-48CC-8DCC-0705607D9A2A}.Debug|Any CPU.ActiveCfg = Debug|Any CPU
		{1EDB30A6-2850-48CC-8DCC-0705607D9A2A}.Debug|Any CPU.Build.0 = Debug|Any CPU
		{1EDB30A6-2850-48CC-8DCC-0705607D9A2A}.Release|Any CPU.ActiveCfg = Release|Any CPU
		{1EDB30A6-2850-48CC-8DCC-0705607D9A2A}.Release|Any CPU.Build.0 = Release|Any CPU
		{A2222356-70A8-4699-ABEA-03F96E08A53A}.Debug|Any CPU.ActiveCfg = Debug|Any CPU
		{A2222356-70A8-4699-ABEA-03F96E08A53A}.Debug|Any CPU.Build.0 = Debug|Any CPU
		{A2222356-70A8-4699-ABEA-03F96E08A53A}.Release|Any CPU.ActiveCfg = Release|Any CPU
		{A2222356-70A8-4699-ABEA-03F96E08A53A}.Release|Any CPU.Build.0 = Release|Any CPU
		{18C298E1-E3C2-43CA-BCB2-5722C5AE8485}.Debug|Any CPU.ActiveCfg = Debug|Any CPU
		{18C298E1-E3C2-43CA-BCB2-5722C5AE8485}.Debug|Any CPU.Build.0 = Debug|Any CPU
		{18C298E1-E3C2-43CA-BCB2-5722C5AE8485}.Release|Any CPU.ActiveCfg = Release|Any CPU
		{18C298E1-E3C2-43CA-BCB2-5722C5AE8485}.Release|Any CPU.Build.0 = Release|Any CPU
		{3549585A-2700-4B5A-B677-55E73BC63C79}.Debug|Any CPU.ActiveCfg = Debug|Any CPU
		{3549585A-2700-4B5A-B677-55E73BC63C79}.Debug|Any CPU.Build.0 = Debug|Any CPU
		{3549585A-2700-4B5A-B677-55E73BC63C79}.Release|Any CPU.ActiveCfg = Release|Any CPU
		{3549585A-2700-4B5A-B677-55E73BC63C79}.Release|Any CPU.Build.0 = Release|Any CPU
		{D4BC53DA-BBDC-4113-BFB0-A9E45AB0DEDD}.Debug|Any CPU.ActiveCfg = Debug|Any CPU
		{D4BC53DA-BBDC-4113-BFB0-A9E45AB0DEDD}.Debug|Any CPU.Build.0 = Debug|Any CPU
		{D4BC53DA-BBDC-4113-BFB0-A9E45AB0DEDD}.Release|Any CPU.ActiveCfg = Release|Any CPU
		{D4BC53DA-BBDC-4113-BFB0-A9E45AB0DEDD}.Release|Any CPU.Build.0 = Release|Any CPU
		{8910567E-2E2C-441F-885A-7320F3FA42C2}.Debug|Any CPU.ActiveCfg = Debug|Any CPU
		{8910567E-2E2C-441F-885A-7320F3FA42C2}.Debug|Any CPU.Build.0 = Debug|Any CPU
		{8910567E-2E2C-441F-885A-7320F3FA42C2}.Release|Any CPU.ActiveCfg = Release|Any CPU
		{8910567E-2E2C-441F-885A-7320F3FA42C2}.Release|Any CPU.Build.0 = Release|Any CPU
		{B0FBA839-F78D-4016-A16D-87855CC14BF1}.Debug|Any CPU.ActiveCfg = Debug|Any CPU
		{B0FBA839-F78D-4016-A16D-87855CC14BF1}.Debug|Any CPU.Build.0 = Debug|Any CPU
		{B0FBA839-F78D-4016-A16D-87855CC14BF1}.Release|Any CPU.ActiveCfg = Release|Any CPU
		{B0FBA839-F78D-4016-A16D-87855CC14BF1}.Release|Any CPU.Build.0 = Release|Any CPU
		{8535F802-1F5F-4B96-9256-7D0C74A766FB}.Debug|Any CPU.ActiveCfg = Debug|Any CPU
		{8535F802-1F5F-4B96-9256-7D0C74A766FB}.Debug|Any CPU.Build.0 = Debug|Any CPU
		{8535F802-1F5F-4B96-9256-7D0C74A766FB}.Release|Any CPU.ActiveCfg = Release|Any CPU
		{8535F802-1F5F-4B96-9256-7D0C74A766FB}.Release|Any CPU.Build.0 = Release|Any CPU
		{76F90EC6-54DA-4E73-A626-B6AEE4C6DAA7}.Debug|Any CPU.ActiveCfg = Debug|Any CPU
		{76F90EC6-54DA-4E73-A626-B6AEE4C6DAA7}.Debug|Any CPU.Build.0 = Debug|Any CPU
		{76F90EC6-54DA-4E73-A626-B6AEE4C6DAA7}.Release|Any CPU.ActiveCfg = Release|Any CPU
		{76F90EC6-54DA-4E73-A626-B6AEE4C6DAA7}.Release|Any CPU.Build.0 = Release|Any CPU
		{C2797C7C-1746-43D6-9063-5FA94901247E}.Debug|Any CPU.ActiveCfg = Debug|Any CPU
		{C2797C7C-1746-43D6-9063-5FA94901247E}.Debug|Any CPU.Build.0 = Debug|Any CPU
		{C2797C7C-1746-43D6-9063-5FA94901247E}.Release|Any CPU.ActiveCfg = Release|Any CPU
		{C2797C7C-1746-43D6-9063-5FA94901247E}.Release|Any CPU.Build.0 = Release|Any CPU
		{37B1267F-DE87-46DB-AFCE-8BDA575D11F4}.Debug|Any CPU.ActiveCfg = Debug|Any CPU
		{37B1267F-DE87-46DB-AFCE-8BDA575D11F4}.Debug|Any CPU.Build.0 = Debug|Any CPU
		{37B1267F-DE87-46DB-AFCE-8BDA575D11F4}.Release|Any CPU.ActiveCfg = Release|Any CPU
		{37B1267F-DE87-46DB-AFCE-8BDA575D11F4}.Release|Any CPU.Build.0 = Release|Any CPU
		{15DB63CF-820A-4782-8790-1C6242CCDCE2}.Debug|Any CPU.ActiveCfg = Debug|Any CPU
		{15DB63CF-820A-4782-8790-1C6242CCDCE2}.Debug|Any CPU.Build.0 = Debug|Any CPU
		{15DB63CF-820A-4782-8790-1C6242CCDCE2}.Release|Any CPU.ActiveCfg = Release|Any CPU
		{15DB63CF-820A-4782-8790-1C6242CCDCE2}.Release|Any CPU.Build.0 = Release|Any CPU
		{3A5BD75B-1A46-443F-BEE4-9252BCA53553}.Debug|Any CPU.ActiveCfg = Debug|Any CPU
		{3A5BD75B-1A46-443F-BEE4-9252BCA53553}.Debug|Any CPU.Build.0 = Debug|Any CPU
		{3A5BD75B-1A46-443F-BEE4-9252BCA53553}.Release|Any CPU.ActiveCfg = Release|Any CPU
		{3A5BD75B-1A46-443F-BEE4-9252BCA53553}.Release|Any CPU.Build.0 = Release|Any CPU
		{A3CC507A-09D0-4CFD-90A2-96E4CB9B6AB2}.Debug|Any CPU.ActiveCfg = Debug|Any CPU
		{A3CC507A-09D0-4CFD-90A2-96E4CB9B6AB2}.Debug|Any CPU.Build.0 = Debug|Any CPU
		{A3CC507A-09D0-4CFD-90A2-96E4CB9B6AB2}.Release|Any CPU.ActiveCfg = Release|Any CPU
		{A3CC507A-09D0-4CFD-90A2-96E4CB9B6AB2}.Release|Any CPU.Build.0 = Release|Any CPU
		{66D53AC3-6040-44D3-B741-F5F5C62DA7FD}.Debug|Any CPU.ActiveCfg = Debug|Any CPU
		{66D53AC3-6040-44D3-B741-F5F5C62DA7FD}.Debug|Any CPU.Build.0 = Debug|Any CPU
		{66D53AC3-6040-44D3-B741-F5F5C62DA7FD}.Release|Any CPU.ActiveCfg = Release|Any CPU
		{66D53AC3-6040-44D3-B741-F5F5C62DA7FD}.Release|Any CPU.Build.0 = Release|Any CPU
		{8D3D3CB7-BA84-496C-81D1-48079C77D987}.Debug|Any CPU.ActiveCfg = Debug|Any CPU
		{8D3D3CB7-BA84-496C-81D1-48079C77D987}.Debug|Any CPU.Build.0 = Debug|Any CPU
		{8D3D3CB7-BA84-496C-81D1-48079C77D987}.Release|Any CPU.ActiveCfg = Release|Any CPU
		{8D3D3CB7-BA84-496C-81D1-48079C77D987}.Release|Any CPU.Build.0 = Release|Any CPU
		{9ED42E11-A352-4EE2-BE79-C33DCFAA3FBC}.Debug|Any CPU.ActiveCfg = Debug|Any CPU
		{9ED42E11-A352-4EE2-BE79-C33DCFAA3FBC}.Debug|Any CPU.Build.0 = Debug|Any CPU
		{9ED42E11-A352-4EE2-BE79-C33DCFAA3FBC}.Release|Any CPU.ActiveCfg = Release|Any CPU
		{9ED42E11-A352-4EE2-BE79-C33DCFAA3FBC}.Release|Any CPU.Build.0 = Release|Any CPU
		{1E8E4702-EA38-4249-B32D-19370DF61A5E}.Debug|Any CPU.ActiveCfg = Debug|Any CPU
		{1E8E4702-EA38-4249-B32D-19370DF61A5E}.Debug|Any CPU.Build.0 = Debug|Any CPU
		{1E8E4702-EA38-4249-B32D-19370DF61A5E}.Release|Any CPU.ActiveCfg = Release|Any CPU
		{1E8E4702-EA38-4249-B32D-19370DF61A5E}.Release|Any CPU.Build.0 = Release|Any CPU
		{507100DF-E924-4B8B-BC24-654BD7967315}.Debug|Any CPU.ActiveCfg = Debug|Any CPU
		{507100DF-E924-4B8B-BC24-654BD7967315}.Debug|Any CPU.Build.0 = Debug|Any CPU
		{507100DF-E924-4B8B-BC24-654BD7967315}.Release|Any CPU.ActiveCfg = Release|Any CPU
		{507100DF-E924-4B8B-BC24-654BD7967315}.Release|Any CPU.Build.0 = Release|Any CPU
	EndGlobalSection
	GlobalSection(SolutionProperties) = preSolution
		HideSolutionNode = FALSE
	EndGlobalSection
	GlobalSection(NestedProjects) = preSolution
		{D86B5BD8-137A-4475-BDC9-A88263A2C99F} = {237A32A0-7F72-4746-9163-4B9C27824293}
		{D445AE10-8D22-4241-AB4D-E533C685D739} = {237A32A0-7F72-4746-9163-4B9C27824293}
		{25A5E06B-6812-4C9B-8D66-E5094F0838FD} = {71E81DA5-E037-4386-9A71-F4B52FF45E53}
		{EBB27A4B-45E5-4D81-98BA-C0B671D4B452} = {3C3B6840-35B4-4A75-A0DF-6B3E2D6287A0}
		{AB036204-86ED-4655-8E30-D22C19337111} = {3C3B6840-35B4-4A75-A0DF-6B3E2D6287A0}
		{ACDE4435-597F-4157-A5E7-53AC737FA522} = {3C3B6840-35B4-4A75-A0DF-6B3E2D6287A0}
		{45FEF018-0E3C-47CC-A570-810F548B172C} = {3C3B6840-35B4-4A75-A0DF-6B3E2D6287A0}
		{A9075ADD-2A67-4AA6-B066-368BDDC8851D} = {3C3B6840-35B4-4A75-A0DF-6B3E2D6287A0}
		{A29F5C15-1D21-4557-ADCA-5B54E1460F41} = {3C3B6840-35B4-4A75-A0DF-6B3E2D6287A0}
		{7512FF6F-54B4-40F7-AFE4-4C8ABD3549BB} = {3C3B6840-35B4-4A75-A0DF-6B3E2D6287A0}
		{15D4003F-4248-42AA-99A9-B988DC86A0FD} = {7ED42E09-6432-4467-B7FB-A9D83E1FB2EA}
		{98ACD708-73BF-4487-8578-180CD982F455} = {7ED42E09-6432-4467-B7FB-A9D83E1FB2EA}
		{2D73487B-66A6-4D63-8B8C-C173A321E207} = {3C3B6840-35B4-4A75-A0DF-6B3E2D6287A0}
		{A2222356-70A8-4699-ABEA-03F96E08A53A} = {237A32A0-7F72-4746-9163-4B9C27824293}
		{18C298E1-E3C2-43CA-BCB2-5722C5AE8485} = {54186C63-C45A-49FC-A77C-46326B1C0B96}
		{3549585A-2700-4B5A-B677-55E73BC63C79} = {54186C63-C45A-49FC-A77C-46326B1C0B96}
		{D4BC53DA-BBDC-4113-BFB0-A9E45AB0DEDD} = {54186C63-C45A-49FC-A77C-46326B1C0B96}
		{8910567E-2E2C-441F-885A-7320F3FA42C2} = {54186C63-C45A-49FC-A77C-46326B1C0B96}
		{B0FBA839-F78D-4016-A16D-87855CC14BF1} = {237A32A0-7F72-4746-9163-4B9C27824293}
		{C2797C7C-1746-43D6-9063-5FA94901247E} = {7ED42E09-6432-4467-B7FB-A9D83E1FB2EA}
		{37B1267F-DE87-46DB-AFCE-8BDA575D11F4} = {7ED42E09-6432-4467-B7FB-A9D83E1FB2EA}
		{15DB63CF-820A-4782-8790-1C6242CCDCE2} = {ACDE4435-597F-4157-A5E7-53AC737FA522}
		{3A5BD75B-1A46-443F-BEE4-9252BCA53553} = {2D73487B-66A6-4D63-8B8C-C173A321E207}
		{A3CC507A-09D0-4CFD-90A2-96E4CB9B6AB2} = {A9075ADD-2A67-4AA6-B066-368BDDC8851D}
		{66D53AC3-6040-44D3-B741-F5F5C62DA7FD} = {EBB27A4B-45E5-4D81-98BA-C0B671D4B452}
		{8D3D3CB7-BA84-496C-81D1-48079C77D987} = {EBB27A4B-45E5-4D81-98BA-C0B671D4B452}
		{9ED42E11-A352-4EE2-BE79-C33DCFAA3FBC} = {AB036204-86ED-4655-8E30-D22C19337111}
		{1E8E4702-EA38-4249-B32D-19370DF61A5E} = {45FEF018-0E3C-47CC-A570-810F548B172C}
		{54186C63-C45A-49FC-A77C-46326B1C0B96} = {237A32A0-7F72-4746-9163-4B9C27824293}
		{507100DF-E924-4B8B-BC24-654BD7967315} = {237A32A0-7F72-4746-9163-4B9C27824293}
	EndGlobalSection
	GlobalSection(ExtensibilityGlobals) = postSolution
		SolutionGuid = {0BF3D52E-889E-47D8-B8C3-98ABED261B88}
	EndGlobalSection
EndGlobal
