
Microsoft Visual Studio Solution File, Format Version 12.00
# Visual Studio Version 17
VisualStudioVersion = 17.8.34330.188
MinimumVisualStudioVersion = 10.0.40219.1
Project("{9A19103F-16F7-4668-BE54-9A1E7A4F7556}") = "Domain", "Domain\Domain.csproj", "{D86B5BD8-137A-4475-BDC9-A88263A2C99F}"
EndProject
Project("{9A19103F-16F7-4668-BE54-9A1E7A4F7556}") = "Infrastructure.SQLServer", "Infrastructure.SQLServer\Infrastructure.SQLServer.csproj", "{88E7E2CE-C0CF-48DE-83B8-6E675B715423}"
EndProject
Project("{9A19103F-16F7-4668-BE54-9A1E7A4F7556}") = "CrossCutting", "CrossCutting\CrossCutting.csproj", "{D445AE10-8D22-4241-AB4D-E533C685D739}"
EndProject
Project("{9A19103F-16F7-4668-BE54-9A1E7A4F7556}") = "API", "API\API.csproj", "{25A5E06B-6812-4C9B-8D66-E5094F0838FD}"
EndProject
Project("{2150E333-8FDC-42A3-9474-1A3956D46DE8}") = "Tools", "Tools", "{17F824AA-4A79-4798-96AF-E4BB18764F50}"
	ProjectSection(SolutionItems) = preProject
		Tools.txt = Tools.txt
	EndProjectSection
EndProject
Project("{9A19103F-16F7-4668-BE54-9A1E7A4F7556}") = "TesteEFSQLite", "TesteEFSQLite\TesteEFSQLite.csproj", "{E47C84D6-8C4F-4D4A-98C2-D494E0A57AEB}"
EndProject
Project("{9A19103F-16F7-4668-BE54-9A1E7A4F7556}") = "TesteEFPGSql", "TesteEFPGSql\TesteEFPGSql.csproj", "{89590AA5-44ED-4994-9B40-C5A36E33AB02}"
EndProject
Project("{2150E333-8FDC-42A3-9474-1A3956D46DE8}") = "Front", "Front", "{58F5EFE5-8DE9-4B1E-9680-27B536AFFA35}"
EndProject
Project("{2150E333-8FDC-42A3-9474-1A3956D46DE8}") = "Testes", "Testes", "{7ED42E09-6432-4467-B7FB-A9D83E1FB2EA}"
EndProject
Project("{2150E333-8FDC-42A3-9474-1A3956D46DE8}") = "Application", "Application", "{237A32A0-7F72-4746-9163-4B9C27824293}"
EndProject
Project("{2150E333-8FDC-42A3-9474-1A3956D46DE8}") = "API", "API", "{71E81DA5-E037-4386-9A71-F4B52FF45E53}"
EndProject
Project("{2150E333-8FDC-42A3-9474-1A3956D46DE8}") = "Infra", "Infra", "{3C3B6840-35B4-4A75-A0DF-6B3E2D6287A0}"
EndProject
Project("{9A19103F-16F7-4668-BE54-9A1E7A4F7556}") = "Infrastructure.MongoDB", "Infrastructure.MongoDB\Infrastructure.MongoDB.csproj", "{B082FB20-6EA7-4B5A-9EB2-8F1A11F0CAB2}"
EndProject
Project("{9A19103F-16F7-4668-BE54-9A1E7A4F7556}") = "Infrastructure.MongoDB.Console", "Infrastructure.MongoDB.Console\Infrastructure.MongoDB.Console.csproj", "{1E1D317B-D7A0-4778-A60B-BE5C840ED8EE}"
EndProject
Project("{9A19103F-16F7-4668-BE54-9A1E7A4F7556}") = "Infrastructure.Base", "Infrastructure.Base\Infrastructure.Base.csproj", "{9B0E5D39-D1E0-473B-8CD7-ED6A33C1A092}"
EndProject
Project("{2150E333-8FDC-42A3-9474-1A3956D46DE8}") = "MongoDB", "MongoDB", "{EBB27A4B-45E5-4D81-98BA-C0B671D4B452}"
EndProject
Project("{9A19103F-16F7-4668-BE54-9A1E7A4F7556}") = "Application.CQRS.Command", "Application.CQRS.Command\Application.CQRS.Command.csproj", "{D48E74AF-054C-4C3C-B464-9E528EF2CADB}"
EndProject
Project("{9A19103F-16F7-4668-BE54-9A1E7A4F7556}") = "Application.CQRS.Base", "Application.CQRS.Base\Application.CQRS.Base.csproj", "{30DBD17A-C2D1-4809-895E-8058CB7FB8F1}"
EndProject
Project("{9A19103F-16F7-4668-BE54-9A1E7A4F7556}") = "Application.CQRS.Query.SQL", "Application.CQRS.Query.SQL\Application.CQRS.Query.SQL.csproj", "{3771D2AE-5A51-4DDD-BF41-3D6FAA16E95F}"
EndProject
Project("{9A19103F-16F7-4668-BE54-9A1E7A4F7556}") = "Application.CQRS.Query.NoSQL", "Application.CQRS.Query.NoSQL\Application.CQRS.Query.NoSQL.csproj", "{E5954301-7B8F-40E0-9BD3-1ADC035CBC40}"
EndProject
Project("{2150E333-8FDC-42A3-9474-1A3956D46DE8}") = "Redis", "Redis", "{AB036204-86ED-4655-8E30-D22C19337111}"
EndProject
Project("{9A19103F-16F7-4668-BE54-9A1E7A4F7556}") = "Infrastructure.Redis", "Infrastructure.Redis\Infrastructure.Redis.csproj", "{896BE2C2-AA14-443A-BD33-47B05FB09B49}"
EndProject
Project("{E53339B2-1760-4266-BCC7-CA923CBCF16C}") = "docker-compose", "docker-compose.dcproj", "{CB627C9D-E74D-469E-88C8-882604A72787}"
EndProject
Project("{2150E333-8FDC-42A3-9474-1A3956D46DE8}") = "Base", "Base", "{ACDE4435-597F-4157-A5E7-53AC737FA522}"
EndProject
Project("{2150E333-8FDC-42A3-9474-1A3956D46DE8}") = "SQL", "SQL", "{45FEF018-0E3C-47CC-A570-810F548B172C}"
EndProject
Project("{2150E333-8FDC-42A3-9474-1A3956D46DE8}") = "DynamoDB", "DynamoDB", "{A9075ADD-2A67-4AA6-B066-368BDDC8851D}"
EndProject
Project("{2150E333-8FDC-42A3-9474-1A3956D46DE8}") = "CosmosDB", "CosmosDB", "{A29F5C15-1D21-4557-ADCA-5B54E1460F41}"
EndProject
Project("{2150E333-8FDC-42A3-9474-1A3956D46DE8}") = "RabbitMQ", "RabbitMQ", "{7512FF6F-54B4-40F7-AFE4-4C8ABD3549BB}"
EndProject
Project("{9A19103F-16F7-4668-BE54-9A1E7A4F7556}") = "TesteEFMySQL", "TesteEFMySQL\TesteEFMySQL.csproj", "{15D4003F-4248-42AA-99A9-B988DC86A0FD}"
EndProject
Project("{9A19103F-16F7-4668-BE54-9A1E7A4F7556}") = "TesteEFOracle", "TesteEFOracle\TesteEFOracle.csproj", "{98ACD708-73BF-4487-8578-180CD982F455}"
EndProject
Project("{9A19103F-16F7-4668-BE54-9A1E7A4F7556}") = "Infrastructure.DynamoDB", "Infrastructure.DynamoDB\Infrastructure.DynamoDB.csproj", "{C756D745-0E04-48BC-B9D7-2BA5B0438C33}"
EndProject
Project("{9A19103F-16F7-4668-BE54-9A1E7A4F7556}") = "Application.DTO", "..\Application.DTO\Application.DTO.csproj", "{F4E71169-7468-4B83-8EB9-5A27A09FBC82}"
EndProject
Project("{9A19103F-16F7-4668-BE54-9A1E7A4F7556}") = "API.Tests", "..\tests\API.Tests\API.Tests.csproj", "{2F4B3DDC-A4EB-4EA3-9BFE-4FF899F183BF}"
EndProject
Project("{9A19103F-16F7-4668-BE54-9A1E7A4F7556}") = "Application.Tests", "..\tests\Application.Tests\Application.Tests.csproj", "{F73CD394-6521-4F9D-96BF-31DCCC62FEE2}"
EndProject
Project("{9A19103F-16F7-4668-BE54-9A1E7A4F7556}") = "Domain.Tests", "..\tests\Domain.Tests\Domain.Tests.csproj", "{D7EF2940-BE96-4A7D-9462-7ED3BEBC8081}"
EndProject
Project("{9A19103F-16F7-4668-BE54-9A1E7A4F7556}") = "Infrastructure.Tests", "..\tests\Infrastructure.Tests\Infrastructure.Tests.csproj", "{1EDB30A6-2850-48CC-8DCC-0705607D9A2A}"
EndProject
Project("{2150E333-8FDC-42A3-9474-1A3956D46DE8}") = "Cassandra", "Cassandra", "{2D73487B-66A6-4D63-8B8C-C173A321E207}"
EndProject
Project("{9A19103F-16F7-4668-BE54-9A1E7A4F7556}") = "Infrastructure.Cassandra", "Infrastructure.Cassandra\Infrastructure.Cassandra.csproj", "{76EEB087-AD78-4630-9EAC-21C0CCAC8475}"
EndProject
Project("{9A19103F-16F7-4668-BE54-9A1E7A4F7556}") = "NetCore.Base", "..\..\net-core\base\src\NetCore.Base\NetCore.Base.csproj", "{A2222356-70A8-4699-ABEA-03F96E08A53A}"
EndProject
Project("{9A19103F-16F7-4668-BE54-9A1E7A4F7556}") = "Domain.Console", "..\Domain.Console\Domain.Console.csproj", "{FE9476C1-E15A-447C-B6E8-77DB97EDB5CA}"
EndProject
Project("{9A19103F-16F7-4668-BE54-9A1E7A4F7556}") = "Domain.SF", "..\Domain.SF\Domain.SF.csproj", "{AB29F7A7-2088-41E6-B9A0-A3087B632AFD}"
EndProject
Global
	GlobalSection(SolutionConfigurationPlatforms) = preSolution
		Debug|Any CPU = Debug|Any CPU
		Release|Any CPU = Release|Any CPU
	EndGlobalSection
	GlobalSection(ProjectConfigurationPlatforms) = postSolution
		{D86B5BD8-137A-4475-BDC9-A88263A2C99F}.Debug|Any CPU.ActiveCfg = Debug|Any CPU
		{D86B5BD8-137A-4475-BDC9-A88263A2C99F}.Debug|Any CPU.Build.0 = Debug|Any CPU
		{D86B5BD8-137A-4475-BDC9-A88263A2C99F}.Release|Any CPU.ActiveCfg = Release|Any CPU
		{D86B5BD8-137A-4475-BDC9-A88263A2C99F}.Release|Any CPU.Build.0 = Release|Any CPU
		{88E7E2CE-C0CF-48DE-83B8-6E675B715423}.Debug|Any CPU.ActiveCfg = Debug|Any CPU
		{88E7E2CE-C0CF-48DE-83B8-6E675B715423}.Debug|Any CPU.Build.0 = Debug|Any CPU
		{88E7E2CE-C0CF-48DE-83B8-6E675B715423}.Release|Any CPU.ActiveCfg = Release|Any CPU
		{88E7E2CE-C0CF-48DE-83B8-6E675B715423}.Release|Any CPU.Build.0 = Release|Any CPU
		{D445AE10-8D22-4241-AB4D-E533C685D739}.Debug|Any CPU.ActiveCfg = Debug|Any CPU
		{D445AE10-8D22-4241-AB4D-E533C685D739}.Debug|Any CPU.Build.0 = Debug|Any CPU
		{D445AE10-8D22-4241-AB4D-E533C685D739}.Release|Any CPU.ActiveCfg = Release|Any CPU
		{D445AE10-8D22-4241-AB4D-E533C685D739}.Release|Any CPU.Build.0 = Release|Any CPU
		{25A5E06B-6812-4C9B-8D66-E5094F0838FD}.Debug|Any CPU.ActiveCfg = Debug|Any CPU
		{25A5E06B-6812-4C9B-8D66-E5094F0838FD}.Debug|Any CPU.Build.0 = Debug|Any CPU
		{25A5E06B-6812-4C9B-8D66-E5094F0838FD}.Release|Any CPU.ActiveCfg = Release|Any CPU
		{25A5E06B-6812-4C9B-8D66-E5094F0838FD}.Release|Any CPU.Build.0 = Release|Any CPU
		{E47C84D6-8C4F-4D4A-98C2-D494E0A57AEB}.Debug|Any CPU.ActiveCfg = Debug|Any CPU
		{E47C84D6-8C4F-4D4A-98C2-D494E0A57AEB}.Debug|Any CPU.Build.0 = Debug|Any CPU
		{E47C84D6-8C4F-4D4A-98C2-D494E0A57AEB}.Release|Any CPU.ActiveCfg = Release|Any CPU
		{E47C84D6-8C4F-4D4A-98C2-D494E0A57AEB}.Release|Any CPU.Build.0 = Release|Any CPU
		{89590AA5-44ED-4994-9B40-C5A36E33AB02}.Debug|Any CPU.ActiveCfg = Debug|Any CPU
		{89590AA5-44ED-4994-9B40-C5A36E33AB02}.Debug|Any CPU.Build.0 = Debug|Any CPU
		{89590AA5-44ED-4994-9B40-C5A36E33AB02}.Release|Any CPU.ActiveCfg = Release|Any CPU
		{89590AA5-44ED-4994-9B40-C5A36E33AB02}.Release|Any CPU.Build.0 = Release|Any CPU
		{B082FB20-6EA7-4B5A-9EB2-8F1A11F0CAB2}.Debug|Any CPU.ActiveCfg = Debug|Any CPU
		{B082FB20-6EA7-4B5A-9EB2-8F1A11F0CAB2}.Debug|Any CPU.Build.0 = Debug|Any CPU
		{B082FB20-6EA7-4B5A-9EB2-8F1A11F0CAB2}.Release|Any CPU.ActiveCfg = Release|Any CPU
		{B082FB20-6EA7-4B5A-9EB2-8F1A11F0CAB2}.Release|Any CPU.Build.0 = Release|Any CPU
		{1E1D317B-D7A0-4778-A60B-BE5C840ED8EE}.Debug|Any CPU.ActiveCfg = Debug|Any CPU
		{1E1D317B-D7A0-4778-A60B-BE5C840ED8EE}.Debug|Any CPU.Build.0 = Debug|Any CPU
		{1E1D317B-D7A0-4778-A60B-BE5C840ED8EE}.Release|Any CPU.ActiveCfg = Release|Any CPU
		{1E1D317B-D7A0-4778-A60B-BE5C840ED8EE}.Release|Any CPU.Build.0 = Release|Any CPU
		{9B0E5D39-D1E0-473B-8CD7-ED6A33C1A092}.Debug|Any CPU.ActiveCfg = Debug|Any CPU
		{9B0E5D39-D1E0-473B-8CD7-ED6A33C1A092}.Debug|Any CPU.Build.0 = Debug|Any CPU
		{9B0E5D39-D1E0-473B-8CD7-ED6A33C1A092}.Release|Any CPU.ActiveCfg = Release|Any CPU
		{9B0E5D39-D1E0-473B-8CD7-ED6A33C1A092}.Release|Any CPU.Build.0 = Release|Any CPU
		{D48E74AF-054C-4C3C-B464-9E528EF2CADB}.Debug|Any CPU.ActiveCfg = Debug|Any CPU
		{D48E74AF-054C-4C3C-B464-9E528EF2CADB}.Debug|Any CPU.Build.0 = Debug|Any CPU
		{D48E74AF-054C-4C3C-B464-9E528EF2CADB}.Release|Any CPU.ActiveCfg = Release|Any CPU
		{D48E74AF-054C-4C3C-B464-9E528EF2CADB}.Release|Any CPU.Build.0 = Release|Any CPU
		{30DBD17A-C2D1-4809-895E-8058CB7FB8F1}.Debug|Any CPU.ActiveCfg = Debug|Any CPU
		{30DBD17A-C2D1-4809-895E-8058CB7FB8F1}.Debug|Any CPU.Build.0 = Debug|Any CPU
		{30DBD17A-C2D1-4809-895E-8058CB7FB8F1}.Release|Any CPU.ActiveCfg = Release|Any CPU
		{30DBD17A-C2D1-4809-895E-8058CB7FB8F1}.Release|Any CPU.Build.0 = Release|Any CPU
		{3771D2AE-5A51-4DDD-BF41-3D6FAA16E95F}.Debug|Any CPU.ActiveCfg = Debug|Any CPU
		{3771D2AE-5A51-4DDD-BF41-3D6FAA16E95F}.Debug|Any CPU.Build.0 = Debug|Any CPU
		{3771D2AE-5A51-4DDD-BF41-3D6FAA16E95F}.Release|Any CPU.ActiveCfg = Release|Any CPU
		{3771D2AE-5A51-4DDD-BF41-3D6FAA16E95F}.Release|Any CPU.Build.0 = Release|Any CPU
		{E5954301-7B8F-40E0-9BD3-1ADC035CBC40}.Debug|Any CPU.ActiveCfg = Debug|Any CPU
		{E5954301-7B8F-40E0-9BD3-1ADC035CBC40}.Debug|Any CPU.Build.0 = Debug|Any CPU
		{E5954301-7B8F-40E0-9BD3-1ADC035CBC40}.Release|Any CPU.ActiveCfg = Release|Any CPU
		{E5954301-7B8F-40E0-9BD3-1ADC035CBC40}.Release|Any CPU.Build.0 = Release|Any CPU
		{896BE2C2-AA14-443A-BD33-47B05FB09B49}.Debug|Any CPU.ActiveCfg = Debug|Any CPU
		{896BE2C2-AA14-443A-BD33-47B05FB09B49}.Debug|Any CPU.Build.0 = Debug|Any CPU
		{896BE2C2-AA14-443A-BD33-47B05FB09B49}.Release|Any CPU.ActiveCfg = Release|Any CPU
		{896BE2C2-AA14-443A-BD33-47B05FB09B49}.Release|Any CPU.Build.0 = Release|Any CPU
		{CB627C9D-E74D-469E-88C8-882604A72787}.Debug|Any CPU.ActiveCfg = Debug|Any CPU
		{CB627C9D-E74D-469E-88C8-882604A72787}.Debug|Any CPU.Build.0 = Debug|Any CPU
		{CB627C9D-E74D-469E-88C8-882604A72787}.Release|Any CPU.ActiveCfg = Release|Any CPU
		{CB627C9D-E74D-469E-88C8-882604A72787}.Release|Any CPU.Build.0 = Release|Any CPU
		{15D4003F-4248-42AA-99A9-B988DC86A0FD}.Debug|Any CPU.ActiveCfg = Debug|Any CPU
		{15D4003F-4248-42AA-99A9-B988DC86A0FD}.Debug|Any CPU.Build.0 = Debug|Any CPU
		{15D4003F-4248-42AA-99A9-B988DC86A0FD}.Release|Any CPU.ActiveCfg = Release|Any CPU
		{15D4003F-4248-42AA-99A9-B988DC86A0FD}.Release|Any CPU.Build.0 = Release|Any CPU
		{98ACD708-73BF-4487-8578-180CD982F455}.Debug|Any CPU.ActiveCfg = Debug|Any CPU
		{98ACD708-73BF-4487-8578-180CD982F455}.Debug|Any CPU.Build.0 = Debug|Any CPU
		{98ACD708-73BF-4487-8578-180CD982F455}.Release|Any CPU.ActiveCfg = Release|Any CPU
		{98ACD708-73BF-4487-8578-180CD982F455}.Release|Any CPU.Build.0 = Release|Any CPU
		{C756D745-0E04-48BC-B9D7-2BA5B0438C33}.Debug|Any CPU.ActiveCfg = Debug|Any CPU
		{C756D745-0E04-48BC-B9D7-2BA5B0438C33}.Debug|Any CPU.Build.0 = Debug|Any CPU
		{C756D745-0E04-48BC-B9D7-2BA5B0438C33}.Release|Any CPU.ActiveCfg = Release|Any CPU
		{C756D745-0E04-48BC-B9D7-2BA5B0438C33}.Release|Any CPU.Build.0 = Release|Any CPU
		{F4E71169-7468-4B83-8EB9-5A27A09FBC82}.Debug|Any CPU.ActiveCfg = Debug|Any CPU
		{F4E71169-7468-4B83-8EB9-5A27A09FBC82}.Debug|Any CPU.Build.0 = Debug|Any CPU
		{F4E71169-7468-4B83-8EB9-5A27A09FBC82}.Release|Any CPU.ActiveCfg = Release|Any CPU
		{F4E71169-7468-4B83-8EB9-5A27A09FBC82}.Release|Any CPU.Build.0 = Release|Any CPU
		{2F4B3DDC-A4EB-4EA3-9BFE-4FF899F183BF}.Debug|Any CPU.ActiveCfg = Debug|Any CPU
		{2F4B3DDC-A4EB-4EA3-9BFE-4FF899F183BF}.Debug|Any CPU.Build.0 = Debug|Any CPU
		{2F4B3DDC-A4EB-4EA3-9BFE-4FF899F183BF}.Release|Any CPU.ActiveCfg = Release|Any CPU
		{2F4B3DDC-A4EB-4EA3-9BFE-4FF899F183BF}.Release|Any CPU.Build.0 = Release|Any CPU
		{F73CD394-6521-4F9D-96BF-31DCCC62FEE2}.Debug|Any CPU.ActiveCfg = Debug|Any CPU
		{F73CD394-6521-4F9D-96BF-31DCCC62FEE2}.Debug|Any CPU.Build.0 = Debug|Any CPU
		{F73CD394-6521-4F9D-96BF-31DCCC62FEE2}.Release|Any CPU.ActiveCfg = Release|Any CPU
		{F73CD394-6521-4F9D-96BF-31DCCC62FEE2}.Release|Any CPU.Build.0 = Release|Any CPU
		{D7EF2940-BE96-4A7D-9462-7ED3BEBC8081}.Debug|Any CPU.ActiveCfg = Debug|Any CPU
		{D7EF2940-BE96-4A7D-9462-7ED3BEBC8081}.Debug|Any CPU.Build.0 = Debug|Any CPU
		{D7EF2940-BE96-4A7D-9462-7ED3BEBC8081}.Release|Any CPU.ActiveCfg = Release|Any CPU
		{D7EF2940-BE96-4A7D-9462-7ED3BEBC8081}.Release|Any CPU.Build.0 = Release|Any CPU
		{1EDB30A6-2850-48CC-8DCC-0705607D9A2A}.Debug|Any CPU.ActiveCfg = Debug|Any CPU
		{1EDB30A6-2850-48CC-8DCC-0705607D9A2A}.Debug|Any CPU.Build.0 = Debug|Any CPU
		{1EDB30A6-2850-48CC-8DCC-0705607D9A2A}.Release|Any CPU.ActiveCfg = Release|Any CPU
		{1EDB30A6-2850-48CC-8DCC-0705607D9A2A}.Release|Any CPU.Build.0 = Release|Any CPU
		{76EEB087-AD78-4630-9EAC-21C0CCAC8475}.Debug|Any CPU.ActiveCfg = Debug|Any CPU
		{76EEB087-AD78-4630-9EAC-21C0CCAC8475}.Debug|Any CPU.Build.0 = Debug|Any CPU
		{76EEB087-AD78-4630-9EAC-21C0CCAC8475}.Release|Any CPU.ActiveCfg = Release|Any CPU
		{76EEB087-AD78-4630-9EAC-21C0CCAC8475}.Release|Any CPU.Build.0 = Release|Any CPU
		{A2222356-70A8-4699-ABEA-03F96E08A53A}.Debug|Any CPU.ActiveCfg = Debug|Any CPU
		{A2222356-70A8-4699-ABEA-03F96E08A53A}.Debug|Any CPU.Build.0 = Debug|Any CPU
		{A2222356-70A8-4699-ABEA-03F96E08A53A}.Release|Any CPU.ActiveCfg = Release|Any CPU
		{A2222356-70A8-4699-ABEA-03F96E08A53A}.Release|Any CPU.Build.0 = Release|Any CPU
		{FE9476C1-E15A-447C-B6E8-77DB97EDB5CA}.Debug|Any CPU.ActiveCfg = Debug|Any CPU
		{FE9476C1-E15A-447C-B6E8-77DB97EDB5CA}.Debug|Any CPU.Build.0 = Debug|Any CPU
		{FE9476C1-E15A-447C-B6E8-77DB97EDB5CA}.Release|Any CPU.ActiveCfg = Release|Any CPU
		{FE9476C1-E15A-447C-B6E8-77DB97EDB5CA}.Release|Any CPU.Build.0 = Release|Any CPU
		{AB29F7A7-2088-41E6-B9A0-A3087B632AFD}.Debug|Any CPU.ActiveCfg = Debug|Any CPU
		{AB29F7A7-2088-41E6-B9A0-A3087B632AFD}.Debug|Any CPU.Build.0 = Debug|Any CPU
		{AB29F7A7-2088-41E6-B9A0-A3087B632AFD}.Release|Any CPU.ActiveCfg = Release|Any CPU
		{AB29F7A7-2088-41E6-B9A0-A3087B632AFD}.Release|Any CPU.Build.0 = Release|Any CPU
	EndGlobalSection
	GlobalSection(SolutionProperties) = preSolution
		HideSolutionNode = FALSE
	EndGlobalSection
	GlobalSection(NestedProjects) = preSolution
		{D86B5BD8-137A-4475-BDC9-A88263A2C99F} = {237A32A0-7F72-4746-9163-4B9C27824293}
		{88E7E2CE-C0CF-48DE-83B8-6E675B715423} = {45FEF018-0E3C-47CC-A570-810F548B172C}
		{D445AE10-8D22-4241-AB4D-E533C685D739} = {237A32A0-7F72-4746-9163-4B9C27824293}
		{25A5E06B-6812-4C9B-8D66-E5094F0838FD} = {71E81DA5-E037-4386-9A71-F4B52FF45E53}
		{E47C84D6-8C4F-4D4A-98C2-D494E0A57AEB} = {7ED42E09-6432-4467-B7FB-A9D83E1FB2EA}
		{89590AA5-44ED-4994-9B40-C5A36E33AB02} = {7ED42E09-6432-4467-B7FB-A9D83E1FB2EA}
		{B082FB20-6EA7-4B5A-9EB2-8F1A11F0CAB2} = {EBB27A4B-45E5-4D81-98BA-C0B671D4B452}
		{1E1D317B-D7A0-4778-A60B-BE5C840ED8EE} = {EBB27A4B-45E5-4D81-98BA-C0B671D4B452}
		{9B0E5D39-D1E0-473B-8CD7-ED6A33C1A092} = {ACDE4435-597F-4157-A5E7-53AC737FA522}
		{EBB27A4B-45E5-4D81-98BA-C0B671D4B452} = {3C3B6840-35B4-4A75-A0DF-6B3E2D6287A0}
		{D48E74AF-054C-4C3C-B464-9E528EF2CADB} = {237A32A0-7F72-4746-9163-4B9C27824293}
		{30DBD17A-C2D1-4809-895E-8058CB7FB8F1} = {237A32A0-7F72-4746-9163-4B9C27824293}
		{3771D2AE-5A51-4DDD-BF41-3D6FAA16E95F} = {237A32A0-7F72-4746-9163-4B9C27824293}
		{E5954301-7B8F-40E0-9BD3-1ADC035CBC40} = {237A32A0-7F72-4746-9163-4B9C27824293}
		{AB036204-86ED-4655-8E30-D22C19337111} = {3C3B6840-35B4-4A75-A0DF-6B3E2D6287A0}
		{896BE2C2-AA14-443A-BD33-47B05FB09B49} = {AB036204-86ED-4655-8E30-D22C19337111}
		{ACDE4435-597F-4157-A5E7-53AC737FA522} = {3C3B6840-35B4-4A75-A0DF-6B3E2D6287A0}
		{45FEF018-0E3C-47CC-A570-810F548B172C} = {3C3B6840-35B4-4A75-A0DF-6B3E2D6287A0}
		{A9075ADD-2A67-4AA6-B066-368BDDC8851D} = {3C3B6840-35B4-4A75-A0DF-6B3E2D6287A0}
		{A29F5C15-1D21-4557-ADCA-5B54E1460F41} = {3C3B6840-35B4-4A75-A0DF-6B3E2D6287A0}
		{7512FF6F-54B4-40F7-AFE4-4C8ABD3549BB} = {3C3B6840-35B4-4A75-A0DF-6B3E2D6287A0}
		{15D4003F-4248-42AA-99A9-B988DC86A0FD} = {7ED42E09-6432-4467-B7FB-A9D83E1FB2EA}
		{98ACD708-73BF-4487-8578-180CD982F455} = {7ED42E09-6432-4467-B7FB-A9D83E1FB2EA}
		{C756D745-0E04-48BC-B9D7-2BA5B0438C33} = {A9075ADD-2A67-4AA6-B066-368BDDC8851D}
		{F4E71169-7468-4B83-8EB9-5A27A09FBC82} = {237A32A0-7F72-4746-9163-4B9C27824293}
		{2D73487B-66A6-4D63-8B8C-C173A321E207} = {3C3B6840-35B4-4A75-A0DF-6B3E2D6287A0}
		{76EEB087-AD78-4630-9EAC-21C0CCAC8475} = {2D73487B-66A6-4D63-8B8C-C173A321E207}
		{A2222356-70A8-4699-ABEA-03F96E08A53A} = {237A32A0-7F72-4746-9163-4B9C27824293}
		{FE9476C1-E15A-447C-B6E8-77DB97EDB5CA} = {237A32A0-7F72-4746-9163-4B9C27824293}
		{AB29F7A7-2088-41E6-B9A0-A3087B632AFD} = {237A32A0-7F72-4746-9163-4B9C27824293}
	EndGlobalSection
	GlobalSection(ExtensibilityGlobals) = postSolution
		SolutionGuid = {0BF3D52E-889E-47D8-B8C3-98ABED261B88}
	EndGlobalSection
EndGlobal
